
Microsoft Visual Studio Solution File, Format Version 12.00
# Visual Studio Version 17
VisualStudioVersion = 17.10.35122.118
MinimumVisualStudioVersion = 10.0.40219.1
Project("{9A19103F-16F7-4668-BE54-9A1E7A4F7556}") = "Data", "Data\Data.csproj", "{DE323798-1528-4A4C-983C-EE5315FE5BF9}"
EndProject
Project("{9A19103F-16F7-4668-BE54-9A1E7A4F7556}") = "DataRefreshJob", "DataRefreshJob\DataRefreshJob.csproj", "{BB58D816-4BE8-42EF-9AC8-75889A7A6260}"
EndProject
Project("{9A19103F-16F7-4668-BE54-9A1E7A4F7556}") = "WebService", "WebService\WebService.csproj", "{ACB66D6C-12BF-469B-9A2C-B194FF7400B5}"
EndProject
Project("{FAE04EC0-301F-11D3-BF4B-00C04F79EFBC}") = "BlazorWebApp", "BlazorWebApp\BlazorWebApp\BlazorWebApp.csproj", "{91918919-3C46-46BC-A0E7-9BDAB30A84EC}"
EndProject
Project("{FAE04EC0-301F-11D3-BF4B-00C04F79EFBC}") = "BlazorWebApp.Client", "BlazorWebApp\BlazorWebApp.Client\BlazorWebApp.Client.csproj", "{4EB702EF-0C40-42A8-9AA3-67F161C68EC9}"
EndProject
Global
	GlobalSection(SolutionConfigurationPlatforms) = preSolution
		Debug|Any CPU = Debug|Any CPU
		Release|Any CPU = Release|Any CPU
	EndGlobalSection
	GlobalSection(ProjectConfigurationPlatforms) = postSolution
		{DE323798-1528-4A4C-983C-EE5315FE5BF9}.Debug|Any CPU.ActiveCfg = Debug|Any CPU
		{DE323798-1528-4A4C-983C-EE5315FE5BF9}.Debug|Any CPU.Build.0 = Debug|Any CPU
		{DE323798-1528-4A4C-983C-EE5315FE5BF9}.Release|Any CPU.ActiveCfg = Release|Any CPU
		{DE323798-1528-4A4C-983C-EE5315FE5BF9}.Release|Any CPU.Build.0 = Release|Any CPU
		{BB58D816-4BE8-42EF-9AC8-75889A7A6260}.Debug|Any CPU.ActiveCfg = Debug|Any CPU
		{BB58D816-4BE8-42EF-9AC8-75889A7A6260}.Debug|Any CPU.Build.0 = Debug|Any CPU
		{BB58D816-4BE8-42EF-9AC8-75889A7A6260}.Release|Any CPU.ActiveCfg = Release|Any CPU
		{BB58D816-4BE8-42EF-9AC8-75889A7A6260}.Release|Any CPU.Build.0 = Release|Any CPU
		{ACB66D6C-12BF-469B-9A2C-B194FF7400B5}.Debug|Any CPU.ActiveCfg = Debug|Any CPU
		{ACB66D6C-12BF-469B-9A2C-B194FF7400B5}.Debug|Any CPU.Build.0 = Debug|Any CPU
		{ACB66D6C-12BF-469B-9A2C-B194FF7400B5}.Release|Any CPU.ActiveCfg = Release|Any CPU
		{ACB66D6C-12BF-469B-9A2C-B194FF7400B5}.Release|Any CPU.Build.0 = Release|Any CPU
		{91918919-3C46-46BC-A0E7-9BDAB30A84EC}.Debug|Any CPU.ActiveCfg = Debug|Any CPU
		{91918919-3C46-46BC-A0E7-9BDAB30A84EC}.Debug|Any CPU.Build.0 = Debug|Any CPU
		{91918919-3C46-46BC-A0E7-9BDAB30A84EC}.Release|Any CPU.ActiveCfg = Release|Any CPU
		{91918919-3C46-46BC-A0E7-9BDAB30A84EC}.Release|Any CPU.Build.0 = Release|Any CPU
		{4EB702EF-0C40-42A8-9AA3-67F161C68EC9}.Debug|Any CPU.ActiveCfg = Debug|Any CPU
		{4EB702EF-0C40-42A8-9AA3-67F161C68EC9}.Debug|Any CPU.Build.0 = Debug|Any CPU
		{4EB702EF-0C40-42A8-9AA3-67F161C68EC9}.Release|Any CPU.ActiveCfg = Release|Any CPU
		{4EB702EF-0C40-42A8-9AA3-67F161C68EC9}.Release|Any CPU.Build.0 = Release|Any CPU
	EndGlobalSection
	GlobalSection(SolutionProperties) = preSolution
		HideSolutionNode = FALSE
	EndGlobalSection
	GlobalSection(ExtensibilityGlobals) = postSolution
		SolutionGuid = {BB1EC573-A68A-4875-BBC4-C786CF684F22}
	EndGlobalSection
EndGlobal
