
Microsoft Visual Studio Solution File, Format Version 12.00
# Visual Studio Version 17
VisualStudioVersion = 17.10.35122.118
MinimumVisualStudioVersion = 10.0.40219.1
Project("{9A19103F-16F7-4668-BE54-9A1E7A4F7556}") = "Data", "Data\Data.csproj", "{DE323798-1528-4A4C-983C-EE5315FE5BF9}"
EndProject
Project("{9A19103F-16F7-4668-BE54-9A1E7A4F7556}") = "Job", "Job\Job.csproj", "{BB58D816-4BE8-42EF-9AC8-75889A7A6260}"
EndProject
Project("{FAE04EC0-301F-11D3-BF4B-00C04F79EFBC}") = "InternalDataService", "InternalDataService\InternalDataService.csproj", "{86B5D906-97F0-4B60-88F0-113E5F9862B9}"
EndProject
Project("{FAE04EC0-301F-11D3-BF4B-00C04F79EFBC}") = "PublicWebService", "PublicWebService\PublicWebService.csproj", "{1F4986E5-D266-46DF-B57D-E19839564B75}"
EndProject
Global
	GlobalSection(SolutionConfigurationPlatforms) = preSolution
		Debug|Any CPU = Debug|Any CPU
		Release|Any CPU = Release|Any CPU
	EndGlobalSection
	GlobalSection(ProjectConfigurationPlatforms) = postSolution
		{DE323798-1528-4A4C-983C-EE5315FE5BF9}.Debug|Any CPU.ActiveCfg = Debug|Any CPU
		{DE323798-1528-4A4C-983C-EE5315FE5BF9}.Debug|Any CPU.Build.0 = Debug|Any CPU
		{DE323798-1528-4A4C-983C-EE5315FE5BF9}.Release|Any CPU.ActiveCfg = Release|Any CPU
		{DE323798-1528-4A4C-983C-EE5315FE5BF9}.Release|Any CPU.Build.0 = Release|Any CPU
		{BB58D816-4BE8-42EF-9AC8-75889A7A6260}.Debug|Any CPU.ActiveCfg = Debug|Any CPU
		{BB58D816-4BE8-42EF-9AC8-75889A7A6260}.Debug|Any CPU.Build.0 = Debug|Any CPU
		{BB58D816-4BE8-42EF-9AC8-75889A7A6260}.Release|Any CPU.ActiveCfg = Release|Any CPU
		{BB58D816-4BE8-42EF-9AC8-75889A7A6260}.Release|Any CPU.Build.0 = Release|Any CPU
		{86B5D906-97F0-4B60-88F0-113E5F9862B9}.Debug|Any CPU.ActiveCfg = Debug|Any CPU
		{86B5D906-97F0-4B60-88F0-113E5F9862B9}.Debug|Any CPU.Build.0 = Debug|Any CPU
		{86B5D906-97F0-4B60-88F0-113E5F9862B9}.Release|Any CPU.ActiveCfg = Release|Any CPU
		{86B5D906-97F0-4B60-88F0-113E5F9862B9}.Release|Any CPU.Build.0 = Release|Any CPU
		{1F4986E5-D266-46DF-B57D-E19839564B75}.Debug|Any CPU.ActiveCfg = Debug|Any CPU
		{1F4986E5-D266-46DF-B57D-E19839564B75}.Debug|Any CPU.Build.0 = Debug|Any CPU
		{1F4986E5-D266-46DF-B57D-E19839564B75}.Release|Any CPU.ActiveCfg = Release|Any CPU
		{1F4986E5-D266-46DF-B57D-E19839564B75}.Release|Any CPU.Build.0 = Release|Any CPU
	EndGlobalSection
	GlobalSection(SolutionProperties) = preSolution
		HideSolutionNode = FALSE
	EndGlobalSection
	GlobalSection(ExtensibilityGlobals) = postSolution
		SolutionGuid = {BB1EC573-A68A-4875-BBC4-C786CF684F22}
	EndGlobalSection
EndGlobal
