
Microsoft Visual Studio Solution File, Format Version 12.00
# Visual Studio Version 17
VisualStudioVersion = 17.10.35122.118
MinimumVisualStudioVersion = 10.0.40219.1
Project("{9A19103F-16F7-4668-BE54-9A1E7A4F7556}") = "Data", "Data\Data.csproj", "{DE323798-1528-4A4C-983C-EE5315FE5BF9}"
EndProject
Project("{9A19103F-16F7-4668-BE54-9A1E7A4F7556}") = "DataRefreshJob", "DataRefreshJob\DataRefreshJob.csproj", "{BB58D816-4BE8-42EF-9AC8-75889A7A6260}"
EndProject
Project("{9A19103F-16F7-4668-BE54-9A1E7A4F7556}") = "WebApp.Server", "WebApp\WebApp.Server\WebApp.Server.csproj", "{DC37004F-2F0B-44E3-B840-16F7CA098254}"
EndProject
Project("{54A90642-561A-4BB1-A94E-469ADEE60C69}") = "WebApp.Client", "WebApp\WebApp.Client\WebApp.Client.esproj", "{59F52663-0251-4243-A9DE-93BE4606F013}"
EndProject
Project("{9A19103F-16F7-4668-BE54-9A1E7A4F7556}") = "TableFileCache", "TableFileCache\TableFileCache.csproj", "{0C8FC40A-29FA-40A4-BD44-07B992380708}"
EndProject
Project("{2150E333-8FDC-42A3-9474-1A3956D46DE8}") = "Solution Items", "Solution Items", "{E71E44E0-DCA3-4AAA-86A0-07E20B818372}"
	ProjectSection(SolutionItems) = preProject
		.editorconfig = .editorconfig
		.gitattributes = .gitattributes
		.gitignore = .gitignore
		LICENSE = LICENSE
		makefile = makefile
		pipeline-task.ps1 = pipeline-task.ps1
		pipeline.ps1 = pipeline.ps1
		pipeline0.ps1 = pipeline0.ps1
		PortfolioAnalyzer.slnLaunch = PortfolioAnalyzer.slnLaunch
	EndProjectSection
EndProject
Global
	GlobalSection(SolutionConfigurationPlatforms) = preSolution
		Debug|Any CPU = Debug|Any CPU
		Release|Any CPU = Release|Any CPU
	EndGlobalSection
	GlobalSection(ProjectConfigurationPlatforms) = postSolution
		{DE323798-1528-4A4C-983C-EE5315FE5BF9}.Debug|Any CPU.ActiveCfg = Debug|Any CPU
		{DE323798-1528-4A4C-983C-EE5315FE5BF9}.Debug|Any CPU.Build.0 = Debug|Any CPU
		{DE323798-1528-4A4C-983C-EE5315FE5BF9}.Release|Any CPU.ActiveCfg = Release|Any CPU
		{DE323798-1528-4A4C-983C-EE5315FE5BF9}.Release|Any CPU.Build.0 = Release|Any CPU
		{BB58D816-4BE8-42EF-9AC8-75889A7A6260}.Debug|Any CPU.ActiveCfg = Debug|Any CPU
		{BB58D816-4BE8-42EF-9AC8-75889A7A6260}.Debug|Any CPU.Build.0 = Debug|Any CPU
		{BB58D816-4BE8-42EF-9AC8-75889A7A6260}.Release|Any CPU.ActiveCfg = Release|Any CPU
		{BB58D816-4BE8-42EF-9AC8-75889A7A6260}.Release|Any CPU.Build.0 = Release|Any CPU
		{DC37004F-2F0B-44E3-B840-16F7CA098254}.Debug|Any CPU.ActiveCfg = Debug|Any CPU
		{DC37004F-2F0B-44E3-B840-16F7CA098254}.Debug|Any CPU.Build.0 = Debug|Any CPU
		{DC37004F-2F0B-44E3-B840-16F7CA098254}.Release|Any CPU.ActiveCfg = Release|Any CPU
		{DC37004F-2F0B-44E3-B840-16F7CA098254}.Release|Any CPU.Build.0 = Release|Any CPU
		{59F52663-0251-4243-A9DE-93BE4606F013}.Debug|Any CPU.ActiveCfg = Debug|Any CPU
		{59F52663-0251-4243-A9DE-93BE4606F013}.Debug|Any CPU.Build.0 = Debug|Any CPU
		{59F52663-0251-4243-A9DE-93BE4606F013}.Debug|Any CPU.Deploy.0 = Debug|Any CPU
		{59F52663-0251-4243-A9DE-93BE4606F013}.Release|Any CPU.ActiveCfg = Release|Any CPU
		{59F52663-0251-4243-A9DE-93BE4606F013}.Release|Any CPU.Build.0 = Release|Any CPU
		{59F52663-0251-4243-A9DE-93BE4606F013}.Release|Any CPU.Deploy.0 = Release|Any CPU
		{0C8FC40A-29FA-40A4-BD44-07B992380708}.Debug|Any CPU.ActiveCfg = Debug|Any CPU
		{0C8FC40A-29FA-40A4-BD44-07B992380708}.Debug|Any CPU.Build.0 = Debug|Any CPU
		{0C8FC40A-29FA-40A4-BD44-07B992380708}.Release|Any CPU.ActiveCfg = Release|Any CPU
		{0C8FC40A-29FA-40A4-BD44-07B992380708}.Release|Any CPU.Build.0 = Release|Any CPU
	EndGlobalSection
	GlobalSection(SolutionProperties) = preSolution
		HideSolutionNode = FALSE
	EndGlobalSection
	GlobalSection(ExtensibilityGlobals) = postSolution
		SolutionGuid = {BB1EC573-A68A-4875-BBC4-C786CF684F22}
	EndGlobalSection
EndGlobal
